
Microsoft Visual Studio Solution File, Format Version 12.00
# Visual Studio Version 17
VisualStudioVersion = 17.2.32616.157
MinimumVisualStudioVersion = 10.0.40219.1
Project("{FAE04EC0-301F-11D3-BF4B-00C04F79EFBC}") = "XmlCodeRepo", "XmlCodeRepo.csproj", "{C210C670-DB81-4463-B6C7-075244B4EF0D}"
EndProject
Global
	GlobalSection(SolutionConfigurationPlatforms) = preSolution
		Debug|Any CPU = Debug|Any CPU
		Release|Any CPU = Release|Any CPU
	EndGlobalSection
	GlobalSection(ProjectConfigurationPlatforms) = postSolution
		{C210C670-DB81-4463-B6C7-075244B4EF0D}.Debug|Any CPU.ActiveCfg = Debug|Any CPU
		{C210C670-DB81-4463-B6C7-075244B4EF0D}.Debug|Any CPU.Build.0 = Debug|Any CPU
		{C210C670-DB81-4463-B6C7-075244B4EF0D}.Release|Any CPU.ActiveCfg = Release|Any CPU
		{C210C670-DB81-4463-B6C7-075244B4EF0D}.Release|Any CPU.Build.0 = Release|Any CPU
	EndGlobalSection
	GlobalSection(SolutionProperties) = preSolution
		HideSolutionNode = FALSE
	EndGlobalSection
	GlobalSection(ExtensibilityGlobals) = postSolution
		SolutionGuid = {F23CC35E-A05F-45D7-ABB7-8DA8C564EF30}
	EndGlobalSection
EndGlobal
